
Microsoft Visual Studio Solution File, Format Version 12.00
# Visual Studio 14
VisualStudioVersion = 14.0.25123.0
MinimumVisualStudioVersion = 10.0.40219.1
Project("{2150E333-8FDC-42A3-9474-1A3956D46DE8}") = "Bindings", "Bindings", "{FACDC5B8-244C-4913-91B1-BA31BB7BDB61}"
	ProjectSection(SolutionItems) = preProject
		Bindings\bindings.json = Bindings\bindings.json
	EndProjectSection
EndProject
Project("{2150E333-8FDC-42A3-9474-1A3956D46DE8}") = "Templates", "Templates", "{9131FAC9-F834-4D69-A9F3-0057D7BB5670}"
EndProject
Project("{2150E333-8FDC-42A3-9474-1A3956D46DE8}") = "BlobTrigger-NodeJS", "BlobTrigger-NodeJS", "{2D537292-B604-40A0-932D-647124A39216}"
	ProjectSection(SolutionItems) = preProject
		Templates\BlobTrigger-NodeJS\function.json = Templates\BlobTrigger-NodeJS\function.json
		Templates\BlobTrigger-NodeJS\index.js = Templates\BlobTrigger-NodeJS\index.js
		Templates\BlobTrigger-NodeJS\metadata.json = Templates\BlobTrigger-NodeJS\metadata.json
	EndProjectSection
EndProject
Project("{2150E333-8FDC-42A3-9474-1A3956D46DE8}") = "BlobTrigger-CSharp", "BlobTrigger-CSharp", "{740FFD3F-B1AF-4154-A4D2-82A684C1C233}"
	ProjectSection(SolutionItems) = preProject
		Templates\BlobTrigger-CSharp\function.json = Templates\BlobTrigger-CSharp\function.json
		Templates\BlobTrigger-CSharp\metadata.json = Templates\BlobTrigger-CSharp\metadata.json
		Templates\BlobTrigger-CSharp\run.csx = Templates\BlobTrigger-CSharp\run.csx
	EndProjectSection
EndProject
Project("{2150E333-8FDC-42A3-9474-1A3956D46DE8}") = "EventHubTrigger-NodeJS", "EventHubTrigger-NodeJS", "{A09398BE-059F-4756-8FFF-A7DACFAB3DE3}"
	ProjectSection(SolutionItems) = preProject
		Templates\EventHubTrigger-NodeJS\function.json = Templates\EventHubTrigger-NodeJS\function.json
		Templates\EventHubTrigger-NodeJS\index.js = Templates\EventHubTrigger-NodeJS\index.js
		Templates\EventHubTrigger-NodeJS\metadata.json = Templates\EventHubTrigger-NodeJS\metadata.json
	EndProjectSection
EndProject
Project("{2150E333-8FDC-42A3-9474-1A3956D46DE8}") = "HttpTrigger-NodeJS", "HttpTrigger-NodeJS", "{27052D3B-D63F-4CC6-B6B8-C0F830D0E2FD}"
	ProjectSection(SolutionItems) = preProject
		Templates\HttpTrigger-NodeJS\function.json = Templates\HttpTrigger-NodeJS\function.json
		Templates\HttpTrigger-NodeJS\index.js = Templates\HttpTrigger-NodeJS\index.js
		Templates\HttpTrigger-NodeJS\metadata.json = Templates\HttpTrigger-NodeJS\metadata.json
	EndProjectSection
EndProject
Project("{2150E333-8FDC-42A3-9474-1A3956D46DE8}") = "HttpTrigger-Batch", "HttpTrigger-Batch", "{B1C28D96-FA92-46DB-BC0F-83B2DE8867F9}"
	ProjectSection(SolutionItems) = preProject
		Templates\HttpTrigger-Batch\function.json = Templates\HttpTrigger-Batch\function.json
		Templates\HttpTrigger-Batch\metadata.json = Templates\HttpTrigger-Batch\metadata.json
		Templates\HttpTrigger-Batch\run.bat = Templates\HttpTrigger-Batch\run.bat
	EndProjectSection
EndProject
Project("{2150E333-8FDC-42A3-9474-1A3956D46DE8}") = "HttpTrigger-CSharp", "HttpTrigger-CSharp", "{E0BD88CF-A349-4138-B381-E1C437149435}"
	ProjectSection(SolutionItems) = preProject
		Templates\HttpTrigger-CSharp\function.json = Templates\HttpTrigger-CSharp\function.json
		Templates\HttpTrigger-CSharp\metadata.json = Templates\HttpTrigger-CSharp\metadata.json
		Templates\HttpTrigger-CSharp\run.csx = Templates\HttpTrigger-CSharp\run.csx
	EndProjectSection
EndProject
Project("{2150E333-8FDC-42A3-9474-1A3956D46DE8}") = "ManualTrigger-NodeJS", "ManualTrigger-NodeJS", "{7EFBAF06-696C-4067-AE68-E0135FC2BAAB}"
	ProjectSection(SolutionItems) = preProject
		Templates\ManualTrigger-NodeJS\function.json = Templates\ManualTrigger-NodeJS\function.json
		Templates\ManualTrigger-NodeJS\index.js = Templates\ManualTrigger-NodeJS\index.js
		Templates\ManualTrigger-NodeJS\metadata.json = Templates\ManualTrigger-NodeJS\metadata.json
	EndProjectSection
EndProject
Project("{2150E333-8FDC-42A3-9474-1A3956D46DE8}") = "QueueTrigger-NodeJS", "QueueTrigger-NodeJS", "{0A8F5C63-AA93-43D6-A68E-56CD47AA699D}"
	ProjectSection(SolutionItems) = preProject
		Templates\QueueTrigger-NodeJS\function.json = Templates\QueueTrigger-NodeJS\function.json
		Templates\QueueTrigger-NodeJS\index.js = Templates\QueueTrigger-NodeJS\index.js
		Templates\QueueTrigger-NodeJS\metadata.json = Templates\QueueTrigger-NodeJS\metadata.json
	EndProjectSection
EndProject
Project("{2150E333-8FDC-42A3-9474-1A3956D46DE8}") = "QueueTrigger-Bash", "QueueTrigger-Bash", "{0D783ADB-622D-46D4-A342-8733E1BC0377}"
	ProjectSection(SolutionItems) = preProject
		Templates\QueueTrigger-Bash\function.json = Templates\QueueTrigger-Bash\function.json
		Templates\QueueTrigger-Bash\metadata.json = Templates\QueueTrigger-Bash\metadata.json
		Templates\QueueTrigger-Bash\run.sh = Templates\QueueTrigger-Bash\run.sh
	EndProjectSection
EndProject
Project("{2150E333-8FDC-42A3-9474-1A3956D46DE8}") = "QueueTrigger-Batch", "QueueTrigger-Batch", "{E60C7B30-F58E-4A90-9E8B-020FCC693898}"
	ProjectSection(SolutionItems) = preProject
		Templates\QueueTrigger-Batch\function.json = Templates\QueueTrigger-Batch\function.json
		Templates\QueueTrigger-Batch\metadata.json = Templates\QueueTrigger-Batch\metadata.json
		Templates\QueueTrigger-Batch\run.bat = Templates\QueueTrigger-Batch\run.bat
	EndProjectSection
EndProject
Project("{2150E333-8FDC-42A3-9474-1A3956D46DE8}") = "QueueTrigger-FSharp", "QueueTrigger-FSharp", "{09AA7514-E252-4FE1-8315-F5ADDFA94D26}"
	ProjectSection(SolutionItems) = preProject
		Templates\QueueTrigger-FSharp\function.json = Templates\QueueTrigger-FSharp\function.json
		Templates\QueueTrigger-FSharp\metadata.json = Templates\QueueTrigger-FSharp\metadata.json
		Templates\QueueTrigger-FSharp\run.fsx = Templates\QueueTrigger-FSharp\run.fsx
	EndProjectSection
EndProject
Project("{2150E333-8FDC-42A3-9474-1A3956D46DE8}") = "QueueTrigger-Php", "QueueTrigger-Php", "{D4E2F23F-4DFD-4E2D-9938-4C19F1CC32B2}"
	ProjectSection(SolutionItems) = preProject
		Templates\QueueTrigger-Php\function.json = Templates\QueueTrigger-Php\function.json
		Templates\QueueTrigger-Php\metadata.json = Templates\QueueTrigger-Php\metadata.json
		Templates\QueueTrigger-Php\run.php = Templates\QueueTrigger-Php\run.php
	EndProjectSection
EndProject
Project("{2150E333-8FDC-42A3-9474-1A3956D46DE8}") = "QueueTrigger-Powershell", "QueueTrigger-Powershell", "{421CC42E-001C-4015-8C68-B273FBC34E45}"
	ProjectSection(SolutionItems) = preProject
		Templates\QueueTrigger-Powershell\function.json = Templates\QueueTrigger-Powershell\function.json
		Templates\QueueTrigger-Powershell\metadata.json = Templates\QueueTrigger-Powershell\metadata.json
		Templates\QueueTrigger-Powershell\run.ps1 = Templates\QueueTrigger-Powershell\run.ps1
	EndProjectSection
EndProject
Project("{2150E333-8FDC-42A3-9474-1A3956D46DE8}") = "QueueTrigger-Python", "QueueTrigger-Python", "{4EC3A238-AB97-42ED-B97A-E38AE6940576}"
	ProjectSection(SolutionItems) = preProject
		Templates\QueueTrigger-Python\function.json = Templates\QueueTrigger-Python\function.json
		Templates\QueueTrigger-Python\metadata.json = Templates\QueueTrigger-Python\metadata.json
		Templates\QueueTrigger-Python\run.py = Templates\QueueTrigger-Python\run.py
	EndProjectSection
EndProject
Project("{2150E333-8FDC-42A3-9474-1A3956D46DE8}") = "TimerTrigger-NodeJS", "TimerTrigger-NodeJS", "{C4198E84-CB4A-4186-BC3D-662766DAEBB6}"
	ProjectSection(SolutionItems) = preProject
		Templates\TimerTrigger-NodeJS\function.json = Templates\TimerTrigger-NodeJS\function.json
		Templates\TimerTrigger-NodeJS\index.js = Templates\TimerTrigger-NodeJS\index.js
		Templates\TimerTrigger-NodeJS\metadata.json = Templates\TimerTrigger-NodeJS\metadata.json
	EndProjectSection
EndProject
Project("{2150E333-8FDC-42A3-9474-1A3956D46DE8}") = "TimerTrigger-CSharp", "TimerTrigger-CSharp", "{E365D120-AC87-4637-A3CF-519F3AAD80F0}"
	ProjectSection(SolutionItems) = preProject
		Templates\TimerTrigger-CSharp\function.json = Templates\TimerTrigger-CSharp\function.json
		Templates\TimerTrigger-CSharp\metadata.json = Templates\TimerTrigger-CSharp\metadata.json
		Templates\TimerTrigger-CSharp\run.csx = Templates\TimerTrigger-CSharp\run.csx
	EndProjectSection
EndProject
Project("{2150E333-8FDC-42A3-9474-1A3956D46DE8}") = "GenericWebHook-NodeJS", "GenericWebHook-NodeJS", "{077CB41F-83C6-4C2E-BBAF-FCF8AD9DC5B2}"
	ProjectSection(SolutionItems) = preProject
		Templates\GenericWebHook-NodeJS\function.json = Templates\GenericWebHook-NodeJS\function.json
		Templates\GenericWebHook-NodeJS\index.js = Templates\GenericWebHook-NodeJS\index.js
		Templates\GenericWebHook-NodeJS\metadata.json = Templates\GenericWebHook-NodeJS\metadata.json
	EndProjectSection
EndProject
Project("{2150E333-8FDC-42A3-9474-1A3956D46DE8}") = "GitHubWebHook-NodeJS", "GitHubWebHook-NodeJS", "{9D9A9327-074C-4298-A56D-C47B3B2637BB}"
	ProjectSection(SolutionItems) = preProject
		Templates\GitHubWebHook-NodeJS\function.json = Templates\GitHubWebHook-NodeJS\function.json
		Templates\GitHubWebHook-NodeJS\index.js = Templates\GitHubWebHook-NodeJS\index.js
		Templates\GitHubWebHook-NodeJS\metadata.json = Templates\GitHubWebHook-NodeJS\metadata.json
	EndProjectSection
EndProject
Project("{2150E333-8FDC-42A3-9474-1A3956D46DE8}") = "Empty-NodeJS", "Empty-NodeJS", "{E2DE16A6-92BD-448A-8463-C3D68C8DDCAA}"
	ProjectSection(SolutionItems) = preProject
		Templates\Empty-NodeJS\function.json = Templates\Empty-NodeJS\function.json
		Templates\Empty-NodeJS\index.js = Templates\Empty-NodeJS\index.js
		Templates\Empty-NodeJS\metadata.json = Templates\Empty-NodeJS\metadata.json
	EndProjectSection
EndProject
Project("{2150E333-8FDC-42A3-9474-1A3956D46DE8}") = "Empty-CSharp", "Empty-CSharp", "{045D8309-C52D-4DF5-8508-768C571D497D}"
	ProjectSection(SolutionItems) = preProject
		Templates\Empty-CSharp\function.json = Templates\Empty-CSharp\function.json
		Templates\Empty-CSharp\metadata.json = Templates\Empty-CSharp\metadata.json
		Templates\Empty-CSharp\run.csx = Templates\Empty-CSharp\run.csx
	EndProjectSection
EndProject
Project("{2150E333-8FDC-42A3-9474-1A3956D46DE8}") = "QueueTrigger-CSharp", "QueueTrigger-CSharp", "{AF19C266-E5B5-45BA-B764-7F0CC74D2F34}"
	ProjectSection(SolutionItems) = preProject
		Templates\QueueTrigger-CSharp\function.json = Templates\QueueTrigger-CSharp\function.json
		Templates\QueueTrigger-CSharp\metadata.json = Templates\QueueTrigger-CSharp\metadata.json
		Templates\QueueTrigger-CSharp\run.csx = Templates\QueueTrigger-CSharp\run.csx
	EndProjectSection
EndProject
Project("{2150E333-8FDC-42A3-9474-1A3956D46DE8}") = "GenericWebHook-CSharp", "GenericWebHook-CSharp", "{D83790D6-20A0-4A90-B350-D5A4D9860474}"
	ProjectSection(SolutionItems) = preProject
		Templates\GenericWebHook-CSharp\function.json = Templates\GenericWebHook-CSharp\function.json
		Templates\GenericWebHook-CSharp\metadata.json = Templates\GenericWebHook-CSharp\metadata.json
		Templates\GenericWebHook-CSharp\run.csx = Templates\GenericWebHook-CSharp\run.csx
	EndProjectSection
EndProject
Project("{2150E333-8FDC-42A3-9474-1A3956D46DE8}") = "BlobTrigger-Batch", "BlobTrigger-Batch", "{95C007B6-2736-4134-B82F-EDDBED147E7B}"
	ProjectSection(SolutionItems) = preProject
		Templates\BlobTrigger-Batch\function.json = Templates\BlobTrigger-Batch\function.json
		Templates\BlobTrigger-Batch\metadata.json = Templates\BlobTrigger-Batch\metadata.json
		Templates\BlobTrigger-Batch\run.bat = Templates\BlobTrigger-Batch\run.bat
	EndProjectSection
EndProject
Project("{2150E333-8FDC-42A3-9474-1A3956D46DE8}") = "ServiceBusQueueTrigger-NodeJS", "ServiceBusQueueTrigger-NodeJS", "{BDDB61DB-7F96-4EBF-A324-95C6D61E3E26}"
	ProjectSection(SolutionItems) = preProject
		Templates\ServiceBusQueueTrigger-NodeJS\function.json = Templates\ServiceBusQueueTrigger-NodeJS\function.json
		Templates\ServiceBusQueueTrigger-NodeJS\index.js = Templates\ServiceBusQueueTrigger-NodeJS\index.js
		Templates\ServiceBusQueueTrigger-NodeJS\metadata.json = Templates\ServiceBusQueueTrigger-NodeJS\metadata.json
	EndProjectSection
EndProject
Project("{2150E333-8FDC-42A3-9474-1A3956D46DE8}") = "ManualTrigger-CSharp", "ManualTrigger-CSharp", "{51DA573A-2865-44A7-9B80-521955086B11}"
	ProjectSection(SolutionItems) = preProject
		Templates\ManualTrigger-CSharp\function.json = Templates\ManualTrigger-CSharp\function.json
		Templates\ManualTrigger-CSharp\metadata.json = Templates\ManualTrigger-CSharp\metadata.json
		Templates\ManualTrigger-CSharp\run.csx = Templates\ManualTrigger-CSharp\run.csx
		Templates\ManualTrigger-CSharp\sample.dat = Templates\ManualTrigger-CSharp\sample.dat
	EndProjectSection
EndProject
Project("{2150E333-8FDC-42A3-9474-1A3956D46DE8}") = "EventHubTrigger-CSharp", "EventHubTrigger-CSharp", "{55F4F1C7-98F3-4CFB-B93A-664AC7EA49A6}"
	ProjectSection(SolutionItems) = preProject
		Templates\EventHubTrigger-CSharp\function.json = Templates\EventHubTrigger-CSharp\function.json
		Templates\EventHubTrigger-CSharp\metadata.json = Templates\EventHubTrigger-CSharp\metadata.json
		Templates\EventHubTrigger-CSharp\run.csx = Templates\EventHubTrigger-CSharp\run.csx
	EndProjectSection
EndProject
Project("{2150E333-8FDC-42A3-9474-1A3956D46DE8}") = "GitHubWebHook-CSharp", "GitHubWebHook-CSharp", "{004CF32B-6A02-43C0-95ED-3FD80C76C0E3}"
	ProjectSection(SolutionItems) = preProject
		Templates\GitHubWebHook-CSharp\function.json = Templates\GitHubWebHook-CSharp\function.json
		Templates\GitHubWebHook-CSharp\metadata.json = Templates\GitHubWebHook-CSharp\metadata.json
		Templates\GitHubWebHook-CSharp\run.csx = Templates\GitHubWebHook-CSharp\run.csx
	EndProjectSection
EndProject
Project("{2150E333-8FDC-42A3-9474-1A3956D46DE8}") = "ImageResizer-CSharp", "ImageResizer-CSharp", "{8FFBC736-9CDA-4521-877E-B947328FEC88}"
	ProjectSection(SolutionItems) = preProject
		Templates\ImageResizer-CSharp\function.json = Templates\ImageResizer-CSharp\function.json
		Templates\ImageResizer-CSharp\metadata.json = Templates\ImageResizer-CSharp\metadata.json
		Templates\ImageResizer-CSharp\project.json = Templates\ImageResizer-CSharp\project.json
		Templates\ImageResizer-CSharp\readme.md = Templates\ImageResizer-CSharp\readme.md
		Templates\ImageResizer-CSharp\run.csx = Templates\ImageResizer-CSharp\run.csx
	EndProjectSection
EndProject
Project("{2150E333-8FDC-42A3-9474-1A3956D46DE8}") = "ServiceBusQueueTrigger-CSharp", "ServiceBusQueueTrigger-CSharp", "{253F661A-F7A8-45F4-B864-FDDE01F108C9}"
	ProjectSection(SolutionItems) = preProject
		Templates\ServiceBusQueueTrigger-CSharp\function.json = Templates\ServiceBusQueueTrigger-CSharp\function.json
		Templates\ServiceBusQueueTrigger-CSharp\metadata.json = Templates\ServiceBusQueueTrigger-CSharp\metadata.json
		Templates\ServiceBusQueueTrigger-CSharp\run.csx = Templates\ServiceBusQueueTrigger-CSharp\run.csx
	EndProjectSection
EndProject
Project("{2150E333-8FDC-42A3-9474-1A3956D46DE8}") = "ServiceBusTopicTrigger-CSharp", "ServiceBusTopicTrigger-CSharp", "{E7651C22-E118-4A60-A786-70502EEEB120}"
	ProjectSection(SolutionItems) = preProject
		Templates\ServiceBusQueueTrigger-CSharp\function.json = Templates\ServiceBusQueueTrigger-CSharp\function.json
		Templates\ServiceBusQueueTrigger-CSharp\metadata.json = Templates\ServiceBusQueueTrigger-CSharp\metadata.json
		Templates\ServiceBusQueueTrigger-CSharp\run.csx = Templates\ServiceBusQueueTrigger-CSharp\run.csx
	EndProjectSection
EndProject
Project("{2150E333-8FDC-42A3-9474-1A3956D46DE8}") = "ServiceBusTopicTrigger-NodeJS", "ServiceBusTopicTrigger-NodeJS", "{C26B5B9B-A13E-4A4D-A19B-853048DC94F8}"
	ProjectSection(SolutionItems) = preProject
		Templates\ServiceBusTopicTrigger-NodeJS\function.json = Templates\ServiceBusTopicTrigger-NodeJS\function.json
		Templates\ServiceBusTopicTrigger-NodeJS\index.js = Templates\ServiceBusTopicTrigger-NodeJS\index.js
		Templates\ServiceBusTopicTrigger-NodeJS\metadata.json = Templates\ServiceBusTopicTrigger-NodeJS\metadata.json
	EndProjectSection
EndProject
Project("{2150E333-8FDC-42A3-9474-1A3956D46DE8}") = "TimerTrigger-Powershell", "TimerTrigger-Powershell", "{6B9E2925-C92E-43C2-96FE-8A6E0C5C7E52}"
	ProjectSection(SolutionItems) = preProject
		Templates\TimerTrigger-Powershell\function.json = Templates\TimerTrigger-Powershell\function.json
		Templates\TimerTrigger-Powershell\metadata.json = Templates\TimerTrigger-Powershell\metadata.json
		Templates\TimerTrigger-Powershell\readme.md = Templates\TimerTrigger-Powershell\readme.md
		Templates\TimerTrigger-Powershell\run.ps1 = Templates\TimerTrigger-Powershell\run.ps1
		Templates\TimerTrigger-Powershell\sample.dat = Templates\TimerTrigger-Powershell\sample.dat
	EndProjectSection
EndProject
Project("{2150E333-8FDC-42A3-9474-1A3956D46DE8}") = "HttpTrigger-Powershell", "HttpTrigger-Powershell", "{522EF9CF-CEA5-4B40-9944-B6F9C1F312CB}"
	ProjectSection(SolutionItems) = preProject
		Templates\HttpTrigger-Powershell\function.json = Templates\HttpTrigger-Powershell\function.json
		Templates\HttpTrigger-Powershell\metadata.json = Templates\HttpTrigger-Powershell\metadata.json
		Templates\HttpTrigger-Powershell\readme.md = Templates\HttpTrigger-Powershell\readme.md
		Templates\HttpTrigger-Powershell\run.ps1 = Templates\HttpTrigger-Powershell\run.ps1
		Templates\HttpTrigger-Powershell\sample.dat = Templates\HttpTrigger-Powershell\sample.dat
	EndProjectSection
EndProject
Project("{2150E333-8FDC-42A3-9474-1A3956D46DE8}") = "HttpPOST(CRUD)-CSharp", "HttpPOST(CRUD)-CSharp", "{F34942AA-B934-4AE9-830E-9BD85289CB64}"
	ProjectSection(SolutionItems) = preProject
		Templates\HttpPOST(CRUD)-CSharp\function.json = Templates\HttpPOST(CRUD)-CSharp\function.json
		Templates\HttpPOST(CRUD)-CSharp\metadata.json = Templates\HttpPOST(CRUD)-CSharp\metadata.json
		Templates\HttpPOST(CRUD)-CSharp\run.csx = Templates\HttpPOST(CRUD)-CSharp\run.csx
		Templates\HttpPOST(CRUD)-CSharp\sample.dat = Templates\HttpPOST(CRUD)-CSharp\sample.dat
	EndProjectSection
EndProject
Project("{2150E333-8FDC-42A3-9474-1A3956D46DE8}") = "HttpGET(CRUD)-CSharp", "HttpGET(CRUD)-CSharp", "{4B199F85-AD56-443A-8FA2-E212F5756AC6}"
	ProjectSection(SolutionItems) = preProject
		Templates\HttpGET(CRUD)-CSharp\function.json = Templates\HttpGET(CRUD)-CSharp\function.json
		Templates\HttpGET(CRUD)-CSharp\metadata.json = Templates\HttpGET(CRUD)-CSharp\metadata.json
		Templates\HttpGET(CRUD)-CSharp\run.csx = Templates\HttpGET(CRUD)-CSharp\run.csx
		Templates\HttpGET(CRUD)-CSharp\sample.dat = Templates\HttpGET(CRUD)-CSharp\sample.dat
	EndProjectSection
EndProject
Project("{2150E333-8FDC-42A3-9474-1A3956D46DE8}") = "HttpGET(CRUD)-NodeJS", "HttpGET(CRUD)-NodeJS", "{1EF1ED9E-7CA2-4295-B112-8DB7292A7F5C}"
	ProjectSection(SolutionItems) = preProject
		Templates\HttpGET(CRUD)-NodeJS\function.json = Templates\HttpGET(CRUD)-NodeJS\function.json
		Templates\HttpGET(CRUD)-NodeJS\index.js = Templates\HttpGET(CRUD)-NodeJS\index.js
		Templates\HttpGET(CRUD)-NodeJS\metadata.json = Templates\HttpGET(CRUD)-NodeJS\metadata.json
		Templates\HttpGET(CRUD)-NodeJS\sample.dat = Templates\HttpGET(CRUD)-NodeJS\sample.dat
	EndProjectSection
EndProject
Project("{2150E333-8FDC-42A3-9474-1A3956D46DE8}") = "HttpPOST(CRUD)-NodeJS", "HttpPOST(CRUD)-NodeJS", "{45CB3EEC-62A0-4A4A-A016-44532FE83C81}"
	ProjectSection(SolutionItems) = preProject
		Templates\HttpPOST(CRUD)-NodeJS\function.json = Templates\HttpPOST(CRUD)-NodeJS\function.json
		Templates\HttpPOST(CRUD)-NodeJS\index.js = Templates\HttpPOST(CRUD)-NodeJS\index.js
		Templates\HttpPOST(CRUD)-NodeJS\metadata.json = Templates\HttpPOST(CRUD)-NodeJS\metadata.json
		Templates\HttpPOST(CRUD)-NodeJS\sample.dat = Templates\HttpPOST(CRUD)-NodeJS\sample.dat
	EndProjectSection
EndProject
Project("{2150E333-8FDC-42A3-9474-1A3956D46DE8}") = "SaaSFileTrigger-Batch", "SaaSFileTrigger-Batch", "{C87984F0-96EC-41E2-99CD-5575293F4B68}"
	ProjectSection(SolutionItems) = preProject
		Templates\SaaSFileTrigger-Batch\function.json = Templates\SaaSFileTrigger-Batch\function.json
		Templates\SaaSFileTrigger-Batch\metadata.json = Templates\SaaSFileTrigger-Batch\metadata.json
		Templates\SaaSFileTrigger-Batch\run.bat = Templates\SaaSFileTrigger-Batch\run.bat
		Templates\SaaSFileTrigger-Batch\sample.dat = Templates\SaaSFileTrigger-Batch\sample.dat
	EndProjectSection
EndProject
Project("{2150E333-8FDC-42A3-9474-1A3956D46DE8}") = "SaaSFileTrigger-CSharp", "SaaSFileTrigger-CSharp", "{54464447-72EA-4F7C-892F-A4AC2FACE3CF}"
	ProjectSection(SolutionItems) = preProject
		Templates\SaaSFileTrigger-CSharp\function.json = Templates\SaaSFileTrigger-CSharp\function.json
		Templates\SaaSFileTrigger-CSharp\metadata.json = Templates\SaaSFileTrigger-CSharp\metadata.json
		Templates\SaaSFileTrigger-CSharp\run.csx = Templates\SaaSFileTrigger-CSharp\run.csx
		Templates\SaaSFileTrigger-CSharp\sample.dat = Templates\SaaSFileTrigger-CSharp\sample.dat
	EndProjectSection
EndProject
Project("{2150E333-8FDC-42A3-9474-1A3956D46DE8}") = "SaaSFileTrigger-NodeJS", "SaaSFileTrigger-NodeJS", "{17ED7F01-3374-4375-BEC2-1D4B7D369232}"
	ProjectSection(SolutionItems) = preProject
		Templates\SaaSFileTrigger-NodeJS\function.json = Templates\SaaSFileTrigger-NodeJS\function.json
		Templates\SaaSFileTrigger-NodeJS\index.js = Templates\SaaSFileTrigger-NodeJS\index.js
		Templates\SaaSFileTrigger-NodeJS\metadata.json = Templates\SaaSFileTrigger-NodeJS\metadata.json
		Templates\SaaSFileTrigger-NodeJS\sample.dat = Templates\SaaSFileTrigger-NodeJS\sample.dat
	EndProjectSection
EndProject
Project("{2150E333-8FDC-42A3-9474-1A3956D46DE8}") = "GitHubCommenter-CSharp", "GitHubCommenter-CSharp", "{94EE946E-427B-4BCE-B85B-6F737CD072A6}"
	ProjectSection(SolutionItems) = preProject
		Templates\GitHubCommenter-CSharp\function.json = Templates\GitHubCommenter-CSharp\function.json
		Templates\GitHubCommenter-CSharp\metadata.json = Templates\GitHubCommenter-CSharp\metadata.json
		Templates\GitHubCommenter-CSharp\run.csx = Templates\GitHubCommenter-CSharp\run.csx
		Templates\GitHubCommenter-CSharp\sample.dat = Templates\GitHubCommenter-CSharp\sample.dat
	EndProjectSection
EndProject
Project("{2150E333-8FDC-42A3-9474-1A3956D46DE8}") = "FaceLocator-CSharp", "FaceLocator-CSharp", "{CAB8CA21-6768-471D-9823-7FC3F1A17A48}"
	ProjectSection(SolutionItems) = preProject
		Templates\FaceLocator-CSharp\function.json = Templates\FaceLocator-CSharp\function.json
		Templates\FaceLocator-CSharp\metadata.json = Templates\FaceLocator-CSharp\metadata.json
		Templates\FaceLocator-CSharp\run.csx = Templates\FaceLocator-CSharp\run.csx
		Templates\FaceLocator-CSharp\sample.dat = Templates\FaceLocator-CSharp\sample.dat
	EndProjectSection
EndProject
Project("{2150E333-8FDC-42A3-9474-1A3956D46DE8}") = "GitHubCommenter-NodeJS", "GitHubCommenter-NodeJS", "{B0889BC1-1558-430A-9998-2795C90E6570}"
	ProjectSection(SolutionItems) = preProject
		Templates\GitHubCommenter-NodeJS\function.json = Templates\GitHubCommenter-NodeJS\function.json
		Templates\GitHubCommenter-NodeJS\index.js = Templates\GitHubCommenter-NodeJS\index.js
		Templates\GitHubCommenter-NodeJS\metadata.json = Templates\GitHubCommenter-NodeJS\metadata.json
		Templates\GitHubCommenter-NodeJS\package.json = Templates\GitHubCommenter-NodeJS\package.json
		Templates\GitHubCommenter-NodeJS\sample.dat = Templates\GitHubCommenter-NodeJS\sample.dat
	EndProjectSection
EndProject
Project("{2150E333-8FDC-42A3-9474-1A3956D46DE8}") = "HttpPUT(CRUD)-CSharp", "HttpPUT(CRUD)-CSharp", "{2CE0C2B4-F391-411F-96E4-64D8AE69B708}"
	ProjectSection(SolutionItems) = preProject
		Templates\HttpPUT(CRUD)-CSharp\function.json = Templates\HttpPUT(CRUD)-CSharp\function.json
		Templates\HttpPUT(CRUD)-CSharp\metadata.json = Templates\HttpPUT(CRUD)-CSharp\metadata.json
		Templates\HttpPUT(CRUD)-CSharp\run.csx = Templates\HttpPUT(CRUD)-CSharp\run.csx
		Templates\HttpPUT(CRUD)-CSharp\sample.dat = Templates\HttpPUT(CRUD)-CSharp\sample.dat
	EndProjectSection
EndProject
Project("{2150E333-8FDC-42A3-9474-1A3956D46DE8}") = "FaceLocator-NodeJS", "FaceLocator-NodeJS", "{C1C799D0-ED2C-45C2-8F09-5F924323BAD7}"
	ProjectSection(SolutionItems) = preProject
		Templates\FaceLocator-NodeJS\function.json = Templates\FaceLocator-NodeJS\function.json
		Templates\FaceLocator-NodeJS\index.js = Templates\FaceLocator-NodeJS\index.js
		Templates\FaceLocator-NodeJS\metadata.json = Templates\FaceLocator-NodeJS\metadata.json
		Templates\FaceLocator-NodeJS\sample.dat = Templates\FaceLocator-NodeJS\sample.dat
	EndProjectSection
EndProject
Project("{2150E333-8FDC-42A3-9474-1A3956D46DE8}") = "Test", "Test", "{84E9734A-2B07-45FE-8B03-7B49953F7F26}"
	ProjectSection(SolutionItems) = preProject
		Test\lib.ps1 = Test\lib.ps1
		Test\TestExecutor.ps1 = Test\TestExecutor.ps1
		Test\Tests.ps1 = Test\Tests.ps1
	EndProjectSection
EndProject
Project("{2150E333-8FDC-42A3-9474-1A3956D46DE8}") = "SendGrid-NodeJS", "SendGrid-NodeJS", "{0BF07FB0-DD2B-4865-BD62-D6A1774CEC36}"
	ProjectSection(SolutionItems) = preProject
		Templates\SendGrid-NodeJS\function.json = Templates\SendGrid-NodeJS\function.json
		Templates\SendGrid-NodeJS\index.js = Templates\SendGrid-NodeJS\index.js
		Templates\SendGrid-NodeJS\metadata.json = Templates\SendGrid-NodeJS\metadata.json
		Templates\SendGrid-NodeJS\sample.dat = Templates\SendGrid-NodeJS\sample.dat
	EndProjectSection
EndProject
Project("{2150E333-8FDC-42A3-9474-1A3956D46DE8}") = "SendGrid-CSharp", "SendGrid-CSharp", "{849D87EE-A7B3-46C7-8D09-4D4C93D2EE12}"
	ProjectSection(SolutionItems) = preProject
		Templates\SendGrid-CSharp\function.json = Templates\SendGrid-CSharp\function.json
		Templates\SendGrid-CSharp\metadata.json = Templates\SendGrid-CSharp\metadata.json
		Templates\SendGrid-CSharp\run.csx = Templates\SendGrid-CSharp\run.csx
		Templates\SendGrid-CSharp\sample.dat = Templates\SendGrid-CSharp\sample.dat
	EndProjectSection
EndProject
Global
	GlobalSection(SolutionProperties) = preSolution
		HideSolutionNode = FALSE
	EndGlobalSection
	GlobalSection(NestedProjects) = preSolution
		{2D537292-B604-40A0-932D-647124A39216} = {9131FAC9-F834-4D69-A9F3-0057D7BB5670}
		{740FFD3F-B1AF-4154-A4D2-82A684C1C233} = {9131FAC9-F834-4D69-A9F3-0057D7BB5670}
		{A09398BE-059F-4756-8FFF-A7DACFAB3DE3} = {9131FAC9-F834-4D69-A9F3-0057D7BB5670}
		{27052D3B-D63F-4CC6-B6B8-C0F830D0E2FD} = {9131FAC9-F834-4D69-A9F3-0057D7BB5670}
		{B1C28D96-FA92-46DB-BC0F-83B2DE8867F9} = {9131FAC9-F834-4D69-A9F3-0057D7BB5670}
		{E0BD88CF-A349-4138-B381-E1C437149435} = {9131FAC9-F834-4D69-A9F3-0057D7BB5670}
		{7EFBAF06-696C-4067-AE68-E0135FC2BAAB} = {9131FAC9-F834-4D69-A9F3-0057D7BB5670}
		{0A8F5C63-AA93-43D6-A68E-56CD47AA699D} = {9131FAC9-F834-4D69-A9F3-0057D7BB5670}
		{0D783ADB-622D-46D4-A342-8733E1BC0377} = {9131FAC9-F834-4D69-A9F3-0057D7BB5670}
		{E60C7B30-F58E-4A90-9E8B-020FCC693898} = {9131FAC9-F834-4D69-A9F3-0057D7BB5670}
		{09AA7514-E252-4FE1-8315-F5ADDFA94D26} = {9131FAC9-F834-4D69-A9F3-0057D7BB5670}
		{D4E2F23F-4DFD-4E2D-9938-4C19F1CC32B2} = {9131FAC9-F834-4D69-A9F3-0057D7BB5670}
		{421CC42E-001C-4015-8C68-B273FBC34E45} = {9131FAC9-F834-4D69-A9F3-0057D7BB5670}
		{4EC3A238-AB97-42ED-B97A-E38AE6940576} = {9131FAC9-F834-4D69-A9F3-0057D7BB5670}
		{C4198E84-CB4A-4186-BC3D-662766DAEBB6} = {9131FAC9-F834-4D69-A9F3-0057D7BB5670}
		{E365D120-AC87-4637-A3CF-519F3AAD80F0} = {9131FAC9-F834-4D69-A9F3-0057D7BB5670}
		{077CB41F-83C6-4C2E-BBAF-FCF8AD9DC5B2} = {9131FAC9-F834-4D69-A9F3-0057D7BB5670}
		{9D9A9327-074C-4298-A56D-C47B3B2637BB} = {9131FAC9-F834-4D69-A9F3-0057D7BB5670}
		{E2DE16A6-92BD-448A-8463-C3D68C8DDCAA} = {9131FAC9-F834-4D69-A9F3-0057D7BB5670}
		{045D8309-C52D-4DF5-8508-768C571D497D} = {9131FAC9-F834-4D69-A9F3-0057D7BB5670}
		{AF19C266-E5B5-45BA-B764-7F0CC74D2F34} = {9131FAC9-F834-4D69-A9F3-0057D7BB5670}
		{D83790D6-20A0-4A90-B350-D5A4D9860474} = {9131FAC9-F834-4D69-A9F3-0057D7BB5670}
		{95C007B6-2736-4134-B82F-EDDBED147E7B} = {9131FAC9-F834-4D69-A9F3-0057D7BB5670}
		{BDDB61DB-7F96-4EBF-A324-95C6D61E3E26} = {9131FAC9-F834-4D69-A9F3-0057D7BB5670}
		{51DA573A-2865-44A7-9B80-521955086B11} = {9131FAC9-F834-4D69-A9F3-0057D7BB5670}
		{55F4F1C7-98F3-4CFB-B93A-664AC7EA49A6} = {9131FAC9-F834-4D69-A9F3-0057D7BB5670}
		{004CF32B-6A02-43C0-95ED-3FD80C76C0E3} = {9131FAC9-F834-4D69-A9F3-0057D7BB5670}
		{8FFBC736-9CDA-4521-877E-B947328FEC88} = {9131FAC9-F834-4D69-A9F3-0057D7BB5670}
		{253F661A-F7A8-45F4-B864-FDDE01F108C9} = {9131FAC9-F834-4D69-A9F3-0057D7BB5670}
		{E7651C22-E118-4A60-A786-70502EEEB120} = {9131FAC9-F834-4D69-A9F3-0057D7BB5670}
		{C26B5B9B-A13E-4A4D-A19B-853048DC94F8} = {9131FAC9-F834-4D69-A9F3-0057D7BB5670}
		{6B9E2925-C92E-43C2-96FE-8A6E0C5C7E52} = {9131FAC9-F834-4D69-A9F3-0057D7BB5670}
		{522EF9CF-CEA5-4B40-9944-B6F9C1F312CB} = {9131FAC9-F834-4D69-A9F3-0057D7BB5670}
		{F34942AA-B934-4AE9-830E-9BD85289CB64} = {9131FAC9-F834-4D69-A9F3-0057D7BB5670}
		{4B199F85-AD56-443A-8FA2-E212F5756AC6} = {9131FAC9-F834-4D69-A9F3-0057D7BB5670}
		{1EF1ED9E-7CA2-4295-B112-8DB7292A7F5C} = {9131FAC9-F834-4D69-A9F3-0057D7BB5670}
		{45CB3EEC-62A0-4A4A-A016-44532FE83C81} = {9131FAC9-F834-4D69-A9F3-0057D7BB5670}
		{C87984F0-96EC-41E2-99CD-5575293F4B68} = {9131FAC9-F834-4D69-A9F3-0057D7BB5670}
		{54464447-72EA-4F7C-892F-A4AC2FACE3CF} = {9131FAC9-F834-4D69-A9F3-0057D7BB5670}
		{17ED7F01-3374-4375-BEC2-1D4B7D369232} = {9131FAC9-F834-4D69-A9F3-0057D7BB5670}
		{94EE946E-427B-4BCE-B85B-6F737CD072A6} = {9131FAC9-F834-4D69-A9F3-0057D7BB5670}
		{CAB8CA21-6768-471D-9823-7FC3F1A17A48} = {9131FAC9-F834-4D69-A9F3-0057D7BB5670}
		{B0889BC1-1558-430A-9998-2795C90E6570} = {9131FAC9-F834-4D69-A9F3-0057D7BB5670}
		{2CE0C2B4-F391-411F-96E4-64D8AE69B708} = {9131FAC9-F834-4D69-A9F3-0057D7BB5670}
		{C1C799D0-ED2C-45C2-8F09-5F924323BAD7} = {9131FAC9-F834-4D69-A9F3-0057D7BB5670}
		{0BF07FB0-DD2B-4865-BD62-D6A1774CEC36} = {9131FAC9-F834-4D69-A9F3-0057D7BB5670}
		{849D87EE-A7B3-46C7-8D09-4D4C93D2EE12} = {9131FAC9-F834-4D69-A9F3-0057D7BB5670}
	EndGlobalSection
EndGlobal
