
Microsoft Visual Studio Solution File, Format Version 12.00
# Visual Studio 14
VisualStudioVersion = 14.0.24720.0
MinimumVisualStudioVersion = 10.0.40219.1
Project("{2150E333-8FDC-42A3-9474-1A3956D46DE8}") = "Bindings", "Bindings", "{FACDC5B8-244C-4913-91B1-BA31BB7BDB61}"
	ProjectSection(SolutionItems) = preProject
		Bindings\bindings.json = Bindings\bindings.json
	EndProjectSection
EndProject
Project("{2150E333-8FDC-42A3-9474-1A3956D46DE8}") = "Templates", "Templates", "{9131FAC9-F834-4D69-A9F3-0057D7BB5670}"
EndProject
Project("{2150E333-8FDC-42A3-9474-1A3956D46DE8}") = "BlobTrigger-NodeJS", "BlobTrigger-NodeJS", "{2D537292-B604-40A0-932D-647124A39216}"
	ProjectSection(SolutionItems) = preProject
		Templates\BlobTrigger-NodeJS\function.json = Templates\BlobTrigger-NodeJS\function.json
		Templates\BlobTrigger-NodeJS\index.js = Templates\BlobTrigger-NodeJS\index.js
		Templates\BlobTrigger-NodeJS\metadata.json = Templates\BlobTrigger-NodeJS\metadata.json
	EndProjectSection
EndProject
Project("{2150E333-8FDC-42A3-9474-1A3956D46DE8}") = "BlobTrigger-CSharp", "BlobTrigger-CSharp", "{740FFD3F-B1AF-4154-A4D2-82A684C1C233}"
	ProjectSection(SolutionItems) = preProject
		Templates\BlobTrigger-CSharp\function.json = Templates\BlobTrigger-CSharp\function.json
		Templates\BlobTrigger-CSharp\metadata.json = Templates\BlobTrigger-CSharp\metadata.json
		Templates\BlobTrigger-CSharp\run.csx = Templates\BlobTrigger-CSharp\run.csx
	EndProjectSection
EndProject
Project("{2150E333-8FDC-42A3-9474-1A3956D46DE8}") = "EventHubTrigger-NodeJS", "EventHubTrigger-NodeJS", "{A09398BE-059F-4756-8FFF-A7DACFAB3DE3}"
	ProjectSection(SolutionItems) = preProject
		Templates\EventHubTrigger-NodeJS\function.json = Templates\EventHubTrigger-NodeJS\function.json
		Templates\EventHubTrigger-NodeJS\index.js = Templates\EventHubTrigger-NodeJS\index.js
		Templates\EventHubTrigger-NodeJS\metadata.json = Templates\EventHubTrigger-NodeJS\metadata.json
	EndProjectSection
EndProject
Project("{2150E333-8FDC-42A3-9474-1A3956D46DE8}") = "HttpTrigger-NodeJS", "HttpTrigger-NodeJS", "{27052D3B-D63F-4CC6-B6B8-C0F830D0E2FD}"
	ProjectSection(SolutionItems) = preProject
		Templates\HttpTrigger-NodeJS\function.json = Templates\HttpTrigger-NodeJS\function.json
		Templates\HttpTrigger-NodeJS\index.js = Templates\HttpTrigger-NodeJS\index.js
		Templates\HttpTrigger-NodeJS\metadata.json = Templates\HttpTrigger-NodeJS\metadata.json
	EndProjectSection
EndProject
Project("{2150E333-8FDC-42A3-9474-1A3956D46DE8}") = "HttpTrigger-Batch", "HttpTrigger-Batch", "{B1C28D96-FA92-46DB-BC0F-83B2DE8867F9}"
	ProjectSection(SolutionItems) = preProject
		Templates\HttpTrigger-Batch\function.json = Templates\HttpTrigger-Batch\function.json
		Templates\HttpTrigger-Batch\metadata.json = Templates\HttpTrigger-Batch\metadata.json
		Templates\HttpTrigger-Batch\run.bat = Templates\HttpTrigger-Batch\run.bat
	EndProjectSection
EndProject
Project("{2150E333-8FDC-42A3-9474-1A3956D46DE8}") = "HttpTrigger-CSharp", "HttpTrigger-CSharp", "{E0BD88CF-A349-4138-B381-E1C437149435}"
	ProjectSection(SolutionItems) = preProject
		Templates\HttpTrigger-CSharp\function.json = Templates\HttpTrigger-CSharp\function.json
		Templates\HttpTrigger-CSharp\metadata.json = Templates\HttpTrigger-CSharp\metadata.json
		Templates\HttpTrigger-CSharp\run.csx = Templates\HttpTrigger-CSharp\run.csx
	EndProjectSection
EndProject
Project("{2150E333-8FDC-42A3-9474-1A3956D46DE8}") = "ManualTrigger-NodeJS", "ManualTrigger-NodeJS", "{7EFBAF06-696C-4067-AE68-E0135FC2BAAB}"
	ProjectSection(SolutionItems) = preProject
		Templates\ManualTrigger-NodeJS\function.json = Templates\ManualTrigger-NodeJS\function.json
		Templates\ManualTrigger-NodeJS\index.js = Templates\ManualTrigger-NodeJS\index.js
		Templates\ManualTrigger-NodeJS\metadata.json = Templates\ManualTrigger-NodeJS\metadata.json
	EndProjectSection
EndProject
Project("{2150E333-8FDC-42A3-9474-1A3956D46DE8}") = "QueueTrigger-NodeJS", "QueueTrigger-NodeJS", "{0A8F5C63-AA93-43D6-A68E-56CD47AA699D}"
	ProjectSection(SolutionItems) = preProject
		Templates\QueueTrigger-NodeJS\function.json = Templates\QueueTrigger-NodeJS\function.json
		Templates\QueueTrigger-NodeJS\index.js = Templates\QueueTrigger-NodeJS\index.js
		Templates\QueueTrigger-NodeJS\metadata.json = Templates\QueueTrigger-NodeJS\metadata.json
	EndProjectSection
EndProject
Project("{2150E333-8FDC-42A3-9474-1A3956D46DE8}") = "QueueTrigger-Bash", "QueueTrigger-Bash", "{0D783ADB-622D-46D4-A342-8733E1BC0377}"
	ProjectSection(SolutionItems) = preProject
		Templates\QueueTrigger-Bash\function.json = Templates\QueueTrigger-Bash\function.json
		Templates\QueueTrigger-Bash\metadata.json = Templates\QueueTrigger-Bash\metadata.json
		Templates\QueueTrigger-Bash\run.sh = Templates\QueueTrigger-Bash\run.sh
	EndProjectSection
EndProject
Project("{2150E333-8FDC-42A3-9474-1A3956D46DE8}") = "QueueTrigger-Batch", "QueueTrigger-Batch", "{E60C7B30-F58E-4A90-9E8B-020FCC693898}"
	ProjectSection(SolutionItems) = preProject
		Templates\QueueTrigger-Batch\function.json = Templates\QueueTrigger-Batch\function.json
		Templates\QueueTrigger-Batch\metadata.json = Templates\QueueTrigger-Batch\metadata.json
		Templates\QueueTrigger-Batch\queueTrigger.bat = Templates\QueueTrigger-Batch\queueTrigger.bat
	EndProjectSection
EndProject
Project("{2150E333-8FDC-42A3-9474-1A3956D46DE8}") = "QueueTrigger-FSharp", "QueueTrigger-FSharp", "{09AA7514-E252-4FE1-8315-F5ADDFA94D26}"
	ProjectSection(SolutionItems) = preProject
		Templates\QueueTrigger-FSharp\function.json = Templates\QueueTrigger-FSharp\function.json
		Templates\QueueTrigger-FSharp\metadata.json = Templates\QueueTrigger-FSharp\metadata.json
		Templates\QueueTrigger-FSharp\run.fsx = Templates\QueueTrigger-FSharp\run.fsx
	EndProjectSection
EndProject
Project("{2150E333-8FDC-42A3-9474-1A3956D46DE8}") = "QueueTrigger-Php", "QueueTrigger-Php", "{D4E2F23F-4DFD-4E2D-9938-4C19F1CC32B2}"
	ProjectSection(SolutionItems) = preProject
		Templates\QueueTrigger-Php\function.json = Templates\QueueTrigger-Php\function.json
		Templates\QueueTrigger-Php\metadata.json = Templates\QueueTrigger-Php\metadata.json
		Templates\QueueTrigger-Php\run.php = Templates\QueueTrigger-Php\run.php
	EndProjectSection
EndProject
Project("{2150E333-8FDC-42A3-9474-1A3956D46DE8}") = "QueueTrigger-Powershell", "QueueTrigger-Powershell", "{421CC42E-001C-4015-8C68-B273FBC34E45}"
	ProjectSection(SolutionItems) = preProject
		Templates\QueueTrigger-Powershell\function.json = Templates\QueueTrigger-Powershell\function.json
		Templates\QueueTrigger-Powershell\metadata.json = Templates\QueueTrigger-Powershell\metadata.json
		Templates\QueueTrigger-Powershell\queueTrigger.ps1 = Templates\QueueTrigger-Powershell\queueTrigger.ps1
	EndProjectSection
EndProject
Project("{2150E333-8FDC-42A3-9474-1A3956D46DE8}") = "QueueTrigger-Python", "QueueTrigger-Python", "{4EC3A238-AB97-42ED-B97A-E38AE6940576}"
	ProjectSection(SolutionItems) = preProject
		Templates\QueueTrigger-Python\function.json = Templates\QueueTrigger-Python\function.json
		Templates\QueueTrigger-Python\metadata.json = Templates\QueueTrigger-Python\metadata.json
		Templates\QueueTrigger-Python\queueTrigger.py = Templates\QueueTrigger-Python\queueTrigger.py
	EndProjectSection
EndProject
Project("{2150E333-8FDC-42A3-9474-1A3956D46DE8}") = "TimerTrigger-NodeJS", "TimerTrigger-NodeJS", "{C4198E84-CB4A-4186-BC3D-662766DAEBB6}"
	ProjectSection(SolutionItems) = preProject
		Templates\TimerTrigger-NodeJS\function.json = Templates\TimerTrigger-NodeJS\function.json
		Templates\TimerTrigger-NodeJS\index.js = Templates\TimerTrigger-NodeJS\index.js
		Templates\TimerTrigger-NodeJS\metadata.json = Templates\TimerTrigger-NodeJS\metadata.json
	EndProjectSection
EndProject
Project("{2150E333-8FDC-42A3-9474-1A3956D46DE8}") = "TimerTrigger-CSharp", "TimerTrigger-CSharp", "{E365D120-AC87-4637-A3CF-519F3AAD80F0}"
	ProjectSection(SolutionItems) = preProject
		Templates\TimerTrigger-CSharp\function.json = Templates\TimerTrigger-CSharp\function.json
		Templates\TimerTrigger-CSharp\metadata.json = Templates\TimerTrigger-CSharp\metadata.json
		Templates\TimerTrigger-CSharp\run.csx = Templates\TimerTrigger-CSharp\run.csx
	EndProjectSection
EndProject
Project("{2150E333-8FDC-42A3-9474-1A3956D46DE8}") = "GenericWebHook-NodeJS", "GenericWebHook-NodeJS", "{077CB41F-83C6-4C2E-BBAF-FCF8AD9DC5B2}"
	ProjectSection(SolutionItems) = preProject
		Templates\GenericWebHook-NodeJS\function.json = Templates\GenericWebHook-NodeJS\function.json
		Templates\GenericWebHook-NodeJS\index.js = Templates\GenericWebHook-NodeJS\index.js
		Templates\GenericWebHook-NodeJS\metadata.json = Templates\GenericWebHook-NodeJS\metadata.json
	EndProjectSection
EndProject
Project("{2150E333-8FDC-42A3-9474-1A3956D46DE8}") = "GitHubWebHook-NodeJS", "GitHubWebHook-NodeJS", "{9D9A9327-074C-4298-A56D-C47B3B2637BB}"
	ProjectSection(SolutionItems) = preProject
		Templates\GitHubWebHook-NodeJS\function.json = Templates\GitHubWebHook-NodeJS\function.json
		Templates\GitHubWebHook-NodeJS\index.js = Templates\GitHubWebHook-NodeJS\index.js
		Templates\GitHubWebHook-NodeJS\metadata.json = Templates\GitHubWebHook-NodeJS\metadata.json
	EndProjectSection
EndProject
Project("{2150E333-8FDC-42A3-9474-1A3956D46DE8}") = "Empty-NodeJS", "Empty-NodeJS", "{E2DE16A6-92BD-448A-8463-C3D68C8DDCAA}"
	ProjectSection(SolutionItems) = preProject
		Templates\Empty-NodeJS\function.json = Templates\Empty-NodeJS\function.json
		Templates\Empty-NodeJS\index.js = Templates\Empty-NodeJS\index.js
		Templates\Empty-NodeJS\metadata.json = Templates\Empty-NodeJS\metadata.json
	EndProjectSection
EndProject
Project("{2150E333-8FDC-42A3-9474-1A3956D46DE8}") = "Empty-CSharp", "Empty-CSharp", "{045D8309-C52D-4DF5-8508-768C571D497D}"
	ProjectSection(SolutionItems) = preProject
		Templates\Empty-CSharp\function.json = Templates\Empty-CSharp\function.json
		Templates\Empty-CSharp\metadata.json = Templates\Empty-CSharp\metadata.json
		Templates\Empty-CSharp\run.csx = Templates\Empty-CSharp\run.csx
	EndProjectSection
EndProject
Project("{2150E333-8FDC-42A3-9474-1A3956D46DE8}") = "QueueTrigger-CSharp", "QueueTrigger-CSharp", "{AF19C266-E5B5-45BA-B764-7F0CC74D2F34}"
	ProjectSection(SolutionItems) = preProject
		Templates\QueueTrigger-CSharp\function.json = Templates\QueueTrigger-CSharp\function.json
		Templates\QueueTrigger-CSharp\metadata.json = Templates\QueueTrigger-CSharp\metadata.json
		Templates\QueueTrigger-CSharp\run.csx = Templates\QueueTrigger-CSharp\run.csx
	EndProjectSection
EndProject
Project("{2150E333-8FDC-42A3-9474-1A3956D46DE8}") = "GenericWebHook-CSharp", "GenericWebHook-CSharp", "{D83790D6-20A0-4A90-B350-D5A4D9860474}"
	ProjectSection(SolutionItems) = preProject
		Templates\GenericWebHook-CSharp\function.json = Templates\GenericWebHook-CSharp\function.json
		Templates\GenericWebHook-CSharp\metadata.json = Templates\GenericWebHook-CSharp\metadata.json
		Templates\GenericWebHook-CSharp\run.csx = Templates\GenericWebHook-CSharp\run.csx
	EndProjectSection
EndProject
Project("{2150E333-8FDC-42A3-9474-1A3956D46DE8}") = "BlobTrigger-Batch", "BlobTrigger-Batch", "{95C007B6-2736-4134-B82F-EDDBED147E7B}"
	ProjectSection(SolutionItems) = preProject
		Templates\BlobTrigger-Batch\function.json = Templates\BlobTrigger-Batch\function.json
		Templates\BlobTrigger-Batch\metadata.json = Templates\BlobTrigger-Batch\metadata.json
		Templates\BlobTrigger-Batch\run.bat = Templates\BlobTrigger-Batch\run.bat
	EndProjectSection
EndProject
Project("{2150E333-8FDC-42A3-9474-1A3956D46DE8}") = "ServiceBusQueueTrigger-NodeJS", "ServiceBusQueueTrigger-NodeJS", "{BDDB61DB-7F96-4EBF-A324-95C6D61E3E26}"
	ProjectSection(SolutionItems) = preProject
		Templates\ServiceBusQueueTrigger-NodeJS\function.json = Templates\ServiceBusQueueTrigger-NodeJS\function.json
		Templates\ServiceBusQueueTrigger-NodeJS\index.js = Templates\ServiceBusQueueTrigger-NodeJS\index.js
		Templates\ServiceBusQueueTrigger-NodeJS\metadata.json = Templates\ServiceBusQueueTrigger-NodeJS\metadata.json
	EndProjectSection
EndProject
Project("{2150E333-8FDC-42A3-9474-1A3956D46DE8}") = "ManualTrigger-CSharp", "ManualTrigger-CSharp", "{51DA573A-2865-44A7-9B80-521955086B11}"
	ProjectSection(SolutionItems) = preProject
		Templates\ManualTrigger-CSharp\function.json = Templates\ManualTrigger-CSharp\function.json
		Templates\ManualTrigger-CSharp\metadata.json = Templates\ManualTrigger-CSharp\metadata.json
		Templates\ManualTrigger-CSharp\run.csx = Templates\ManualTrigger-CSharp\run.csx
		Templates\ManualTrigger-CSharp\sample.dat = Templates\ManualTrigger-CSharp\sample.dat
	EndProjectSection
EndProject
Project("{2150E333-8FDC-42A3-9474-1A3956D46DE8}") = "EventHubTrigger-CSharp", "EventHubTrigger-CSharp", "{55F4F1C7-98F3-4CFB-B93A-664AC7EA49A6}"
	ProjectSection(SolutionItems) = preProject
		Templates\EventHubTrigger-CSharp\function.json = Templates\EventHubTrigger-CSharp\function.json
		Templates\EventHubTrigger-CSharp\metadata.json = Templates\EventHubTrigger-CSharp\metadata.json
		Templates\EventHubTrigger-CSharp\run.csx = Templates\EventHubTrigger-CSharp\run.csx
	EndProjectSection
EndProject
Project("{2150E333-8FDC-42A3-9474-1A3956D46DE8}") = "GitHubWebHook-CSharp", "GitHubWebHook-CSharp", "{004CF32B-6A02-43C0-95ED-3FD80C76C0E3}"
	ProjectSection(SolutionItems) = preProject
		Templates\GitHubWebHook-CSharp\function.json = Templates\GitHubWebHook-CSharp\function.json
		Templates\GitHubWebHook-CSharp\metadata.json = Templates\GitHubWebHook-CSharp\metadata.json
		Templates\GitHubWebHook-CSharp\run.csx = Templates\GitHubWebHook-CSharp\run.csx
	EndProjectSection
EndProject
Project("{2150E333-8FDC-42A3-9474-1A3956D46DE8}") = "ImageResizer-CSharp", "ImageResizer-CSharp", "{8FFBC736-9CDA-4521-877E-B947328FEC88}"
	ProjectSection(SolutionItems) = preProject
		Templates\ImageResizer-CSharp\function.json = Templates\ImageResizer-CSharp\function.json
		Templates\ImageResizer-CSharp\metadata.json = Templates\ImageResizer-CSharp\metadata.json
		Templates\ImageResizer-CSharp\project.json = Templates\ImageResizer-CSharp\project.json
		Templates\ImageResizer-CSharp\readme.md = Templates\ImageResizer-CSharp\readme.md
		Templates\ImageResizer-CSharp\run.csx = Templates\ImageResizer-CSharp\run.csx
	EndProjectSection
EndProject
Project("{2150E333-8FDC-42A3-9474-1A3956D46DE8}") = "ServiceBusQueueTrigger-CSharp", "ServiceBusQueueTrigger-CSharp", "{253F661A-F7A8-45F4-B864-FDDE01F108C9}"
	ProjectSection(SolutionItems) = preProject
		Templates\ServiceBusQueueTrigger-CSharp\function.json = Templates\ServiceBusQueueTrigger-CSharp\function.json
		Templates\ServiceBusQueueTrigger-CSharp\metadata.json = Templates\ServiceBusQueueTrigger-CSharp\metadata.json
		Templates\ServiceBusQueueTrigger-CSharp\run.csx = Templates\ServiceBusQueueTrigger-CSharp\run.csx
	EndProjectSection
EndProject
Global
	GlobalSection(SolutionProperties) = preSolution
		HideSolutionNode = FALSE
	EndGlobalSection
	GlobalSection(NestedProjects) = preSolution
		{2D537292-B604-40A0-932D-647124A39216} = {9131FAC9-F834-4D69-A9F3-0057D7BB5670}
		{740FFD3F-B1AF-4154-A4D2-82A684C1C233} = {9131FAC9-F834-4D69-A9F3-0057D7BB5670}
		{A09398BE-059F-4756-8FFF-A7DACFAB3DE3} = {9131FAC9-F834-4D69-A9F3-0057D7BB5670}
		{27052D3B-D63F-4CC6-B6B8-C0F830D0E2FD} = {9131FAC9-F834-4D69-A9F3-0057D7BB5670}
		{B1C28D96-FA92-46DB-BC0F-83B2DE8867F9} = {9131FAC9-F834-4D69-A9F3-0057D7BB5670}
		{E0BD88CF-A349-4138-B381-E1C437149435} = {9131FAC9-F834-4D69-A9F3-0057D7BB5670}
		{7EFBAF06-696C-4067-AE68-E0135FC2BAAB} = {9131FAC9-F834-4D69-A9F3-0057D7BB5670}
		{0A8F5C63-AA93-43D6-A68E-56CD47AA699D} = {9131FAC9-F834-4D69-A9F3-0057D7BB5670}
		{0D783ADB-622D-46D4-A342-8733E1BC0377} = {9131FAC9-F834-4D69-A9F3-0057D7BB5670}
		{E60C7B30-F58E-4A90-9E8B-020FCC693898} = {9131FAC9-F834-4D69-A9F3-0057D7BB5670}
		{09AA7514-E252-4FE1-8315-F5ADDFA94D26} = {9131FAC9-F834-4D69-A9F3-0057D7BB5670}
		{D4E2F23F-4DFD-4E2D-9938-4C19F1CC32B2} = {9131FAC9-F834-4D69-A9F3-0057D7BB5670}
		{421CC42E-001C-4015-8C68-B273FBC34E45} = {9131FAC9-F834-4D69-A9F3-0057D7BB5670}
		{4EC3A238-AB97-42ED-B97A-E38AE6940576} = {9131FAC9-F834-4D69-A9F3-0057D7BB5670}
		{C4198E84-CB4A-4186-BC3D-662766DAEBB6} = {9131FAC9-F834-4D69-A9F3-0057D7BB5670}
		{E365D120-AC87-4637-A3CF-519F3AAD80F0} = {9131FAC9-F834-4D69-A9F3-0057D7BB5670}
		{077CB41F-83C6-4C2E-BBAF-FCF8AD9DC5B2} = {9131FAC9-F834-4D69-A9F3-0057D7BB5670}
		{9D9A9327-074C-4298-A56D-C47B3B2637BB} = {9131FAC9-F834-4D69-A9F3-0057D7BB5670}
		{E2DE16A6-92BD-448A-8463-C3D68C8DDCAA} = {9131FAC9-F834-4D69-A9F3-0057D7BB5670}
		{045D8309-C52D-4DF5-8508-768C571D497D} = {9131FAC9-F834-4D69-A9F3-0057D7BB5670}
		{AF19C266-E5B5-45BA-B764-7F0CC74D2F34} = {9131FAC9-F834-4D69-A9F3-0057D7BB5670}
		{D83790D6-20A0-4A90-B350-D5A4D9860474} = {9131FAC9-F834-4D69-A9F3-0057D7BB5670}
		{95C007B6-2736-4134-B82F-EDDBED147E7B} = {9131FAC9-F834-4D69-A9F3-0057D7BB5670}
		{BDDB61DB-7F96-4EBF-A324-95C6D61E3E26} = {9131FAC9-F834-4D69-A9F3-0057D7BB5670}
		{51DA573A-2865-44A7-9B80-521955086B11} = {9131FAC9-F834-4D69-A9F3-0057D7BB5670}
		{55F4F1C7-98F3-4CFB-B93A-664AC7EA49A6} = {9131FAC9-F834-4D69-A9F3-0057D7BB5670}
		{004CF32B-6A02-43C0-95ED-3FD80C76C0E3} = {9131FAC9-F834-4D69-A9F3-0057D7BB5670}
		{8FFBC736-9CDA-4521-877E-B947328FEC88} = {9131FAC9-F834-4D69-A9F3-0057D7BB5670}
		{253F661A-F7A8-45F4-B864-FDDE01F108C9} = {9131FAC9-F834-4D69-A9F3-0057D7BB5670}
	EndGlobalSection
EndGlobal
